// !$*UTF8*$!
{
	archiveVersion = 1;
	classes = {
	};
	objectVersion = 46;
	objects = {

/* Begin PBXBuildFile section */
		4E41449F192F8C3300201431 /* Foundation.framework in Frameworks */ = {isa = PBXBuildFile; fileRef = 4E41449E192F8C3300201431 /* Foundation.framework */; };
		4E4144A1192F8C3300201431 /* CoreGraphics.framework in Frameworks */ = {isa = PBXBuildFile; fileRef = 4E4144A0192F8C3300201431 /* CoreGraphics.framework */; };
		4E4144A3192F8C3300201431 /* UIKit.framework in Frameworks */ = {isa = PBXBuildFile; fileRef = 4E4144A2192F8C3300201431 /* UIKit.framework */; };
		4E4144A9192F8C3400201431 /* InfoPlist.strings in Resources */ = {isa = PBXBuildFile; fileRef = 4E4144A7192F8C3400201431 /* InfoPlist.strings */; };
		4E4144AB192F8C3400201431 /* main.m in Sources */ = {isa = PBXBuildFile; fileRef = 4E4144AA192F8C3400201431 /* main.m */; };
		4E4144AF192F8C3400201431 /* JGAppDelegate.m in Sources */ = {isa = PBXBuildFile; fileRef = 4E4144AE192F8C3400201431 /* JGAppDelegate.m */; };
		4E4144B2192F8C3400201431 /* Main.storyboard in Resources */ = {isa = PBXBuildFile; fileRef = 4E4144B0192F8C3400201431 /* Main.storyboard */; };
		4E4144B5192F8C3400201431 /* JGViewController.m in Sources */ = {isa = PBXBuildFile; fileRef = 4E4144B4192F8C3400201431 /* JGViewController.m */; };
		4E4144B7192F8C3400201431 /* Images.xcassets in Resources */ = {isa = PBXBuildFile; fileRef = 4E4144B6192F8C3400201431 /* Images.xcassets */; };
		4E4144BE192F8C3400201431 /* XCTest.framework in Frameworks */ = {isa = PBXBuildFile; fileRef = 4E4144BD192F8C3400201431 /* XCTest.framework */; };
		4E4144BF192F8C3400201431 /* Foundation.framework in Frameworks */ = {isa = PBXBuildFile; fileRef = 4E41449E192F8C3300201431 /* Foundation.framework */; };
		4E4144C0192F8C3400201431 /* UIKit.framework in Frameworks */ = {isa = PBXBuildFile; fileRef = 4E4144A2192F8C3300201431 /* UIKit.framework */; };
		4E4144C8192F8C3400201431 /* InfoPlist.strings in Resources */ = {isa = PBXBuildFile; fileRef = 4E4144C6192F8C3400201431 /* InfoPlist.strings */; };
		4E4144CA192F8C3400201431 /* Pirate_AdventureTests.m in Sources */ = {isa = PBXBuildFile; fileRef = 4E4144C9192F8C3400201431 /* Pirate_AdventureTests.m */; };
/* End PBXBuildFile section */

/* Begin PBXContainerItemProxy section */
		4E4144C1192F8C3400201431 /* PBXContainerItemProxy */ = {
			isa = PBXContainerItemProxy;
			containerPortal = 4E414493192F8C3300201431 /* Project object */;
			proxyType = 1;
			remoteGlobalIDString = 4E41449A192F8C3300201431;
			remoteInfo = "Pirate Adventure";
		};
/* End PBXContainerItemProxy section */

/* Begin PBXFileReference section */
		4E41449B192F8C3300201431 /* Pirate Adventure.app */ = {isa = PBXFileReference; explicitFileType = wrapper.application; includeInIndex = 0; path = "Pirate Adventure.app"; sourceTree = BUILT_PRODUCTS_DIR; };
		4E41449E192F8C3300201431 /* Foundation.framework */ = {isa = PBXFileReference; lastKnownFileType = wrapper.framework; name = Foundation.framework; path = System/Library/Frameworks/Foundation.framework; sourceTree = SDKROOT; };
		4E4144A0192F8C3300201431 /* CoreGraphics.framework */ = {isa = PBXFileReference; lastKnownFileType = wrapper.framework; name = CoreGraphics.framework; path = System/Library/Frameworks/CoreGraphics.framework; sourceTree = SDKROOT; };
		4E4144A2192F8C3300201431 /* UIKit.framework */ = {isa = PBXFileReference; lastKnownFileType = wrapper.framework; name = UIKit.framework; path = System/Library/Frameworks/UIKit.framework; sourceTree = SDKROOT; };
		4E4144A6192F8C3400201431 /* Pirate Adventure-Info.plist */ = {isa = PBXFileReference; lastKnownFileType = text.plist.xml; path = "Pirate Adventure-Info.plist"; sourceTree = "<group>"; };
		4E4144A8192F8C3400201431 /* en */ = {isa = PBXFileReference; lastKnownFileType = text.plist.strings; name = en; path = en.lproj/InfoPlist.strings; sourceTree = "<group>"; };
		4E4144AA192F8C3400201431 /* main.m */ = {isa = PBXFileReference; lastKnownFileType = sourcecode.c.objc; path = main.m; sourceTree = "<group>"; };
		4E4144AC192F8C3400201431 /* Pirate Adventure-Prefix.pch */ = {isa = PBXFileReference; lastKnownFileType = sourcecode.c.h; path = "Pirate Adventure-Prefix.pch"; sourceTree = "<group>"; };
		4E4144AD192F8C3400201431 /* JGAppDelegate.h */ = {isa = PBXFileReference; lastKnownFileType = sourcecode.c.h; path = JGAppDelegate.h; sourceTree = "<group>"; };
		4E4144AE192F8C3400201431 /* JGAppDelegate.m */ = {isa = PBXFileReference; lastKnownFileType = sourcecode.c.objc; path = JGAppDelegate.m; sourceTree = "<group>"; };
		4E4144B1192F8C3400201431 /* Base */ = {isa = PBXFileReference; lastKnownFileType = file.storyboard; name = Base; path = Base.lproj/Main.storyboard; sourceTree = "<group>"; };
		4E4144B3192F8C3400201431 /* JGViewController.h */ = {isa = PBXFileReference; lastKnownFileType = sourcecode.c.h; path = JGViewController.h; sourceTree = "<group>"; };
		4E4144B4192F8C3400201431 /* JGViewController.m */ = {isa = PBXFileReference; lastKnownFileType = sourcecode.c.objc; path = JGViewController.m; sourceTree = "<group>"; };
		4E4144B6192F8C3400201431 /* Images.xcassets */ = {isa = PBXFileReference; lastKnownFileType = folder.assetcatalog; path = Images.xcassets; sourceTree = "<group>"; };
		4E4144BC192F8C3400201431 /* Pirate AdventureTests.xctest */ = {isa = PBXFileReference; explicitFileType = wrapper.cfbundle; includeInIndex = 0; path = "Pirate AdventureTests.xctest"; sourceTree = BUILT_PRODUCTS_DIR; };
		4E4144BD192F8C3400201431 /* XCTest.framework */ = {isa = PBXFileReference; lastKnownFileType = wrapper.framework; name = XCTest.framework; path = Library/Frameworks/XCTest.framework; sourceTree = DEVELOPER_DIR; };
		4E4144C5192F8C3400201431 /* Pirate AdventureTests-Info.plist */ = {isa = PBXFileReference; lastKnownFileType = text.plist.xml; path = "Pirate AdventureTests-Info.plist"; sourceTree = "<group>"; };
		4E4144C7192F8C3400201431 /* en */ = {isa = PBXFileReference; lastKnownFileType = text.plist.strings; name = en; path = en.lproj/InfoPlist.strings; sourceTree = "<group>"; };
		4E4144C9192F8C3400201431 /* Pirate_AdventureTests.m */ = {isa = PBXFileReference; lastKnownFileType = sourcecode.c.objc; path = Pirate_AdventureTests.m; sourceTree = "<group>"; };
/* End PBXFileReference section */

/* Begin PBXFrameworksBuildPhase section */
		4E414498192F8C3300201431 /* Frameworks */ = {
			isa = PBXFrameworksBuildPhase;
			buildActionMask = 2147483647;
			files = (
				4E4144A1192F8C3300201431 /* CoreGraphics.framework in Frameworks */,
				4E4144A3192F8C3300201431 /* UIKit.framework in Frameworks */,
				4E41449F192F8C3300201431 /* Foundation.framework in Frameworks */,
			);
			runOnlyForDeploymentPostprocessing = 0;
		};
		4E4144B9192F8C3400201431 /* Frameworks */ = {
			isa = PBXFrameworksBuildPhase;
			buildActionMask = 2147483647;
			files = (
				4E4144BE192F8C3400201431 /* XCTest.framework in Frameworks */,
				4E4144C0192F8C3400201431 /* UIKit.framework in Frameworks */,
				4E4144BF192F8C3400201431 /* Foundation.framework in Frameworks */,
			);
			runOnlyForDeploymentPostprocessing = 0;
		};
/* End PBXFrameworksBuildPhase section */

/* Begin PBXGroup section */
		4E414492192F8C3300201431 = {
			isa = PBXGroup;
			children = (
				4E4144A4192F8C3300201431 /* Pirate Adventure */,
				4E4144C3192F8C3400201431 /* Pirate AdventureTests */,
				4E41449D192F8C3300201431 /* Frameworks */,
				4E41449C192F8C3300201431 /* Products */,
			);
			sourceTree = "<group>";
		};
		4E41449C192F8C3300201431 /* Products */ = {
			isa = PBXGroup;
			children = (
				4E41449B192F8C3300201431 /* Pirate Adventure.app */,
				4E4144BC192F8C3400201431 /* Pirate AdventureTests.xctest */,
			);
			name = Products;
			sourceTree = "<group>";
		};
		4E41449D192F8C3300201431 /* Frameworks */ = {
			isa = PBXGroup;
			children = (
				4E41449E192F8C3300201431 /* Foundation.framework */,
				4E4144A0192F8C3300201431 /* CoreGraphics.framework */,
				4E4144A2192F8C3300201431 /* UIKit.framework */,
				4E4144BD192F8C3400201431 /* XCTest.framework */,
			);
			name = Frameworks;
			sourceTree = "<group>";
		};
		4E4144A4192F8C3300201431 /* Pirate Adventure */ = {
			isa = PBXGroup;
			children = (
				4E4144AD192F8C3400201431 /* JGAppDelegate.h */,
				4E4144AE192F8C3400201431 /* JGAppDelegate.m */,
				4E4144B0192F8C3400201431 /* Main.storyboard */,
				4E4144B3192F8C3400201431 /* JGViewController.h */,
				4E4144B4192F8C3400201431 /* JGViewController.m */,
				4E4144B6192F8C3400201431 /* Images.xcassets */,
				4E4144A5192F8C3400201431 /* Supporting Files */,
			);
			path = "Pirate Adventure";
			sourceTree = "<group>";
		};
		4E4144A5192F8C3400201431 /* Supporting Files */ = {
			isa = PBXGroup;
			children = (
				4E4144A6192F8C3400201431 /* Pirate Adventure-Info.plist */,
				4E4144A7192F8C3400201431 /* InfoPlist.strings */,
				4E4144AA192F8C3400201431 /* main.m */,
				4E4144AC192F8C3400201431 /* Pirate Adventure-Prefix.pch */,
			);
			name = "Supporting Files";
			sourceTree = "<group>";
		};
		4E4144C3192F8C3400201431 /* Pirate AdventureTests */ = {
			isa = PBXGroup;
			children = (
				4E4144C9192F8C3400201431 /* Pirate_AdventureTests.m */,
				4E4144C4192F8C3400201431 /* Supporting Files */,
			);
			path = "Pirate AdventureTests";
			sourceTree = "<group>";
		};
		4E4144C4192F8C3400201431 /* Supporting Files */ = {
			isa = PBXGroup;
			children = (
				4E4144C5192F8C3400201431 /* Pirate AdventureTests-Info.plist */,
				4E4144C6192F8C3400201431 /* InfoPlist.strings */,
			);
			name = "Supporting Files";
			sourceTree = "<group>";
		};
/* End PBXGroup section */

/* Begin PBXNativeTarget section */
		4E41449A192F8C3300201431 /* Pirate Adventure */ = {
			isa = PBXNativeTarget;
			buildConfigurationList = 4E4144CD192F8C3400201431 /* Build configuration list for PBXNativeTarget "Pirate Adventure" */;
			buildPhases = (
				4E414497192F8C3300201431 /* Sources */,
				4E414498192F8C3300201431 /* Frameworks */,
				4E414499192F8C3300201431 /* Resources */,
			);
			buildRules = (
			);
			dependencies = (
			);
			name = "Pirate Adventure";
			productName = "Pirate Adventure";
			productReference = 4E41449B192F8C3300201431 /* Pirate Adventure.app */;
			productType = "com.apple.product-type.application";
		};
		4E4144BB192F8C3400201431 /* Pirate AdventureTests */ = {
			isa = PBXNativeTarget;
			buildConfigurationList = 4E4144D0192F8C3400201431 /* Build configuration list for PBXNativeTarget "Pirate AdventureTests" */;
			buildPhases = (
				4E4144B8192F8C3400201431 /* Sources */,
				4E4144B9192F8C3400201431 /* Frameworks */,
				4E4144BA192F8C3400201431 /* Resources */,
			);
			buildRules = (
			);
			dependencies = (
				4E4144C2192F8C3400201431 /* PBXTargetDependency */,
			);
			name = "Pirate AdventureTests";
			productName = "Pirate AdventureTests";
			productReference = 4E4144BC192F8C3400201431 /* Pirate AdventureTests.xctest */;
			productType = "com.apple.product-type.bundle.unit-test";
		};
/* End PBXNativeTarget section */

/* Begin PBXProject section */
		4E414493192F8C3300201431 /* Project object */ = {
			isa = PBXProject;
			attributes = {
				CLASSPREFIX = JG;
				LastUpgradeCheck = 0510;
				ORGANIZATIONNAME = "Joseph Grieco";
				TargetAttributes = {
					4E4144BB192F8C3400201431 = {
						TestTargetID = 4E41449A192F8C3300201431;
					};
				};
			};
			buildConfigurationList = 4E414496192F8C3300201431 /* Build configuration list for PBXProject "Pirate Adventure" */;
			compatibilityVersion = "Xcode 3.2";
			developmentRegion = English;
			hasScannedForEncodings = 0;
			knownRegions = (
				en,
				Base,
			);
			mainGroup = 4E414492192F8C3300201431;
			productRefGroup = 4E41449C192F8C3300201431 /* Products */;
			projectDirPath = "";
			projectRoot = "";
			targets = (
				4E41449A192F8C3300201431 /* Pirate Adventure */,
				4E4144BB192F8C3400201431 /* Pirate AdventureTests */,
			);
		};
/* End PBXProject section */

/* Begin PBXResourcesBuildPhase section */
		4E414499192F8C3300201431 /* Resources */ = {
			isa = PBXResourcesBuildPhase;
			buildActionMask = 2147483647;
			files = (
				4E4144B7192F8C3400201431 /* Images.xcassets in Resources */,
				4E4144A9192F8C3400201431 /* InfoPlist.strings in Resources */,
				4E4144B2192F8C3400201431 /* Main.storyboard in Resources */,
			);
			runOnlyForDeploymentPostprocessing = 0;
		};
		4E4144BA192F8C3400201431 /* Resources */ = {
			isa = PBXResourcesBuildPhase;
			buildActionMask = 2147483647;
			files = (
				4E4144C8192F8C3400201431 /* InfoPlist.strings in Resources */,
			);
			runOnlyForDeploymentPostprocessing = 0;
		};
/* End PBXResourcesBuildPhase section */

/* Begin PBXSourcesBuildPhase section */
		4E414497192F8C3300201431 /* Sources */ = {
			isa = PBXSourcesBuildPhase;
			buildActionMask = 2147483647;
			files = (
				4E4144AB192F8C3400201431 /* main.m in Sources */,
				4E4144B5192F8C3400201431 /* JGViewController.m in Sources */,
				4E4144AF192F8C3400201431 /* JGAppDelegate.m in Sources */,
			);
			runOnlyForDeploymentPostprocessing = 0;
		};
		4E4144B8192F8C3400201431 /* Sources */ = {
			isa = PBXSourcesBuildPhase;
			buildActionMask = 2147483647;
			files = (
				4E4144CA192F8C3400201431 /* Pirate_AdventureTests.m in Sources */,
			);
			runOnlyForDeploymentPostprocessing = 0;
		};
/* End PBXSourcesBuildPhase section */

/* Begin PBXTargetDependency section */
		4E4144C2192F8C3400201431 /* PBXTargetDependency */ = {
			isa = PBXTargetDependency;
			target = 4E41449A192F8C3300201431 /* Pirate Adventure */;
			targetProxy = 4E4144C1192F8C3400201431 /* PBXContainerItemProxy */;
		};
/* End PBXTargetDependency section */

/* Begin PBXVariantGroup section */
		4E4144A7192F8C3400201431 /* InfoPlist.strings */ = {
			isa = PBXVariantGroup;
			children = (
				4E4144A8192F8C3400201431 /* en */,
			);
			name = InfoPlist.strings;
			sourceTree = "<group>";
		};
		4E4144B0192F8C3400201431 /* Main.storyboard */ = {
			isa = PBXVariantGroup;
			children = (
				4E4144B1192F8C3400201431 /* Base */,
			);
			name = Main.storyboard;
			sourceTree = "<group>";
		};
		4E4144C6192F8C3400201431 /* InfoPlist.strings */ = {
			isa = PBXVariantGroup;
			children = (
				4E4144C7192F8C3400201431 /* en */,
			);
			name = InfoPlist.strings;
			sourceTree = "<group>";
		};
/* End PBXVariantGroup section */

/* Begin XCBuildConfiguration section */
		4E4144CB192F8C3400201431 /* Debug */ = {
			isa = XCBuildConfiguration;
			buildSettings = {
				ALWAYS_SEARCH_USER_PATHS = NO;
				CLANG_CXX_LANGUAGE_STANDARD = "gnu++0x";
				CLANG_CXX_LIBRARY = "libc++";
				CLANG_ENABLE_MODULES = YES;
				CLANG_ENABLE_OBJC_ARC = YES;
				CLANG_WARN_BOOL_CONVERSION = YES;
				CLANG_WARN_CONSTANT_CONVERSION = YES;
				CLANG_WARN_DIRECT_OBJC_ISA_USAGE = YES_ERROR;
				CLANG_WARN_EMPTY_BODY = YES;
				CLANG_WARN_ENUM_CONVERSION = YES;
				CLANG_WARN_INT_CONVERSION = YES;
				CLANG_WARN_OBJC_ROOT_CLASS = YES_ERROR;
				CLANG_WARN__DUPLICATE_METHOD_MATCH = YES;
				"CODE_SIGN_IDENTITY[sdk=iphoneos*]" = "iPhone Developer";
				COPY_PHASE_STRIP = NO;
				GCC_C_LANGUAGE_STANDARD = gnu99;
				GCC_DYNAMIC_NO_PIC = NO;
				GCC_OPTIMIZATION_LEVEL = 0;
				GCC_PREPROCESSOR_DEFINITIONS = (
					"DEBUG=1",
					"$(inherited)",
				);
				GCC_SYMBOLS_PRIVATE_EXTERN = NO;
				GCC_WARN_64_TO_32_BIT_CONVERSION = YES;
				GCC_WARN_ABOUT_RETURN_TYPE = YES_ERROR;
				GCC_WARN_UNDECLARED_SELECTOR = YES;
				GCC_WARN_UNINITIALIZED_AUTOS = YES_AGGRESSIVE;
				GCC_WARN_UNUSED_FUNCTION = YES;
				GCC_WARN_UNUSED_VARIABLE = YES;
				IPHONEOS_DEPLOYMENT_TARGET = 7.1;
				ONLY_ACTIVE_ARCH = YES;
				SDKROOT = iphoneos;
			};
			name = Debug;
		};
		4E4144CC192F8C3400201431 /* Release */ = {
			isa = XCBuildConfiguration;
			buildSettings = {
				ALWAYS_SEARCH_USER_PATHS = NO;
				CLANG_CXX_LANGUAGE_STANDARD = "gnu++0x";
				CLANG_CXX_LIBRARY = "libc++";
				CLANG_ENABLE_MODULES = YES;
				CLANG_ENABLE_OBJC_ARC = YES;
				CLANG_WARN_BOOL_CONVERSION = YES;
				CLANG_WARN_CONSTANT_CONVERSION = YES;
				CLANG_WARN_DIRECT_OBJC_ISA_USAGE = YES_ERROR;
				CLANG_WARN_EMPTY_BODY = YES;
				CLANG_WARN_ENUM_CONVERSION = YES;
				CLANG_WARN_INT_CONVERSION = YES;
				CLANG_WARN_OBJC_ROOT_CLASS = YES_ERROR;
				CLANG_WARN__DUPLICATE_METHOD_MATCH = YES;
				"CODE_SIGN_IDENTITY[sdk=iphoneos*]" = "iPhone Developer";
				COPY_PHASE_STRIP = YES;
				ENABLE_NS_ASSERTIONS = NO;
				GCC_C_LANGUAGE_STANDARD = gnu99;
				GCC_WARN_64_TO_32_BIT_CONVERSION = YES;
				GCC_WARN_ABOUT_RETURN_TYPE = YES_ERROR;
				GCC_WARN_UNDECLARED_SELECTOR = YES;
				GCC_WARN_UNINITIALIZED_AUTOS = YES_AGGRESSIVE;
				GCC_WARN_UNUSED_FUNCTION = YES;
				GCC_WARN_UNUSED_VARIABLE = YES;
				IPHONEOS_DEPLOYMENT_TARGET = 7.1;
				SDKROOT = iphoneos;
				VALIDATE_PRODUCT = YES;
			};
			name = Release;
		};
		4E4144CE192F8C3400201431 /* Debug */ = {
			isa = XCBuildConfiguration;
			buildSettings = {
				ASSETCATALOG_COMPILER_APPICON_NAME = AppIcon;
				ASSETCATALOG_COMPILER_LAUNCHIMAGE_NAME = LaunchImage;
				GCC_PRECOMPILE_PREFIX_HEADER = YES;
				GCC_PREFIX_HEADER = "Pirate Adventure/Pirate Adventure-Prefix.pch";
				INFOPLIST_FILE = "Pirate Adventure/Pirate Adventure-Info.plist";
				PRODUCT_NAME = "$(TARGET_NAME)";
				WRAPPER_EXTENSION = app;
			};
			name = Debug;
		};
		4E4144CF192F8C3400201431 /* Release */ = {
			isa = XCBuildConfiguration;
			buildSettings = {
				ASSETCATALOG_COMPILER_APPICON_NAME = AppIcon;
				ASSETCATALOG_COMPILER_LAUNCHIMAGE_NAME = LaunchImage;
				GCC_PRECOMPILE_PREFIX_HEADER = YES;
				GCC_PREFIX_HEADER = "Pirate Adventure/Pirate Adventure-Prefix.pch";
				INFOPLIST_FILE = "Pirate Adventure/Pirate Adventure-Info.plist";
				PRODUCT_NAME = "$(TARGET_NAME)";
				WRAPPER_EXTENSION = app;
			};
			name = Release;
		};
		4E4144D1192F8C3400201431 /* Debug */ = {
			isa = XCBuildConfiguration;
			buildSettings = {
				BUNDLE_LOADER = "$(BUILT_PRODUCTS_DIR)/Pirate Adventure.app/Pirate Adventure";
				FRAMEWORK_SEARCH_PATHS = (
					"$(SDKROOT)/Developer/Library/Frameworks",
					"$(inherited)",
					"$(DEVELOPER_FRAMEWORKS_DIR)",
				);
				GCC_PRECOMPILE_PREFIX_HEADER = YES;
				GCC_PREFIX_HEADER = "Pirate Adventure/Pirate Adventure-Prefix.pch";
				GCC_PREPROCESSOR_DEFINITIONS = (
					"DEBUG=1",
					"$(inherited)",
				);
				INFOPLIST_FILE = "Pirate AdventureTests/Pirate AdventureTests-Info.plist";
				PRODUCT_NAME = "$(TARGET_NAME)";
				TEST_HOST = "$(BUNDLE_LOADER)";
				WRAPPER_EXTENSION = xctest;
			};
			name = Debug;
		};
		4E4144D2192F8C3400201431 /* Release */ = {
			isa = XCBuildConfiguration;
			buildSettings = {
				BUNDLE_LOADER = "$(BUILT_PRODUCTS_DIR)/Pirate Adventure.app/Pirate Adventure";
				FRAMEWORK_SEARCH_PATHS = (
					"$(SDKROOT)/Developer/Library/Frameworks",
					"$(inherited)",
					"$(DEVELOPER_FRAMEWORKS_DIR)",
				);
				GCC_PRECOMPILE_PREFIX_HEADER = YES;
				GCC_PREFIX_HEADER = "Pirate Adventure/Pirate Adventure-Prefix.pch";
				INFOPLIST_FILE = "Pirate AdventureTests/Pirate AdventureTests-Info.plist";
				PRODUCT_NAME = "$(TARGET_NAME)";
				TEST_HOST = "$(BUNDLE_LOADER)";
				WRAPPER_EXTENSION = xctest;
			};
			name = Release;
		};
/* End XCBuildConfiguration section */

/* Begin XCConfigurationList section */
		4E414496192F8C3300201431 /* Build configuration list for PBXProject "Pirate Adventure" */ = {
			isa = XCConfigurationList;
			buildConfigurations = (
				4E4144CB192F8C3400201431 /* Debug */,
				4E4144CC192F8C3400201431 /* Release */,
			);
			defaultConfigurationIsVisible = 0;
			defaultConfigurationName = Release;
		};
		4E4144CD192F8C3400201431 /* Build configuration list for PBXNativeTarget "Pirate Adventure" */ = {
			isa = XCConfigurationList;
			buildConfigurations = (
				4E4144CE192F8C3400201431 /* Debug */,
				4E4144CF192F8C3400201431 /* Release */,
			);
			defaultConfigurationIsVisible = 0;
		};
		4E4144D0192F8C3400201431 /* Build configuration list for PBXNativeTarget "Pirate AdventureTests" */ = {
			isa = XCConfigurationList;
			buildConfigurations = (
				4E4144D1192F8C3400201431 /* Debug */,
				4E4144D2192F8C3400201431 /* Release */,
			);
			defaultConfigurationIsVisible = 0;
		};
/* End XCConfigurationList section */
	};
	rootObject = 4E414493192F8C3300201431 /* Project object */;
}
